// !$*UTF8*$!
{
	archiveVersion = 1;
	classes = {
	};
	objectVersion = 46;
	objects = {

/* Begin PBXBuildFile section */
		BB4AD44C1EF9B12F00C330F0 /* AppDelegate.swift in Sources */ = {isa = PBXBuildFile; fileRef = BB4AD44B1EF9B12F00C330F0 /* AppDelegate.swift */; };
		BB4AD4501EF9B12F00C330F0 /* Assets.xcassets in Resources */ = {isa = PBXBuildFile; fileRef = BB4AD44F1EF9B12F00C330F0 /* Assets.xcassets */; };
		BBCB56441EF9B8440052CC5B /* Main.xib in Resources */ = {isa = PBXBuildFile; fileRef = BBCB56431EF9B8440052CC5B /* Main.xib */; };
		BBCB56471EF9BB960052CC5B /* WebKit.framework in Frameworks */ = {isa = PBXBuildFile; fileRef = BBCB56461EF9BB960052CC5B /* WebKit.framework */; };
		BBCB564A1EFC13670052CC5B /* NSColor+Style.swift in Sources */ = {isa = PBXBuildFile; fileRef = BBCB56491EFC13670052CC5B /* NSColor+Style.swift */; };
/* End PBXBuildFile section */

/* Begin PBXFileReference section */
		BB4AD4481EF9B12F00C330F0 /* Jira.app */ = {isa = PBXFileReference; explicitFileType = wrapper.application; includeInIndex = 0; path = Jira.app; sourceTree = BUILT_PRODUCTS_DIR; };
		BB4AD44B1EF9B12F00C330F0 /* AppDelegate.swift */ = {isa = PBXFileReference; lastKnownFileType = sourcecode.swift; path = AppDelegate.swift; sourceTree = "<group>"; };
		BB4AD44F1EF9B12F00C330F0 /* Assets.xcassets */ = {isa = PBXFileReference; lastKnownFileType = folder.assetcatalog; path = Assets.xcassets; sourceTree = "<group>"; };
		BB4AD4541EF9B12F00C330F0 /* Info.plist */ = {isa = PBXFileReference; lastKnownFileType = text.plist.xml; path = Info.plist; sourceTree = "<group>"; };
		BBCB56431EF9B8440052CC5B /* Main.xib */ = {isa = PBXFileReference; fileEncoding = 4; lastKnownFileType = file.xib; path = Main.xib; sourceTree = "<group>"; };
		BBCB56461EF9BB960052CC5B /* WebKit.framework */ = {isa = PBXFileReference; lastKnownFileType = wrapper.framework; name = WebKit.framework; path = System/Library/Frameworks/WebKit.framework; sourceTree = SDKROOT; };
		BBCB56491EFC13670052CC5B /* NSColor+Style.swift */ = {isa = PBXFileReference; fileEncoding = 4; lastKnownFileType = sourcecode.swift; path = "NSColor+Style.swift"; sourceTree = "<group>"; };
/* End PBXFileReference section */

/* Begin PBXFrameworksBuildPhase section */
		BB4AD4451EF9B12F00C330F0 /* Frameworks */ = {
			isa = PBXFrameworksBuildPhase;
			buildActionMask = 2147483647;
			files = (
				BBCB56471EF9BB960052CC5B /* WebKit.framework in Frameworks */,
			);
			runOnlyForDeploymentPostprocessing = 0;
		};
/* End PBXFrameworksBuildPhase section */

/* Begin PBXGroup section */
		BB4AD43F1EF9B12F00C330F0 = {
			isa = PBXGroup;
			children = (
				BB4AD44A1EF9B12F00C330F0 /* Jira */,
				BB4AD4491EF9B12F00C330F0 /* Products */,
				BBCB56451EF9BB960052CC5B /* Frameworks */,
			);
			sourceTree = "<group>";
		};
		BB4AD4491EF9B12F00C330F0 /* Products */ = {
			isa = PBXGroup;
			children = (
				BB4AD4481EF9B12F00C330F0 /* Jira.app */,
			);
			name = Products;
			sourceTree = "<group>";
		};
		BB4AD44A1EF9B12F00C330F0 /* Jira */ = {
			isa = PBXGroup;
			children = (
				BB4AD44B1EF9B12F00C330F0 /* AppDelegate.swift */,
				BB4AD44F1EF9B12F00C330F0 /* Assets.xcassets */,
				BBCB56431EF9B8440052CC5B /* Main.xib */,
				BB4AD4541EF9B12F00C330F0 /* Info.plist */,
				BBCB56491EFC13670052CC5B /* NSColor+Style.swift */,
			);
			path = Jira;
			sourceTree = "<group>";
		};
		BBCB56451EF9BB960052CC5B /* Frameworks */ = {
			isa = PBXGroup;
			children = (
				BBCB56461EF9BB960052CC5B /* WebKit.framework */,
			);
			name = Frameworks;
			sourceTree = "<group>";
		};
/* End PBXGroup section */

/* Begin PBXNativeTarget section */
		BB4AD4471EF9B12F00C330F0 /* Jira */ = {
			isa = PBXNativeTarget;
			buildConfigurationList = BB4AD4571EF9B12F00C330F0 /* Build configuration list for PBXNativeTarget "Jira" */;
			buildPhases = (
				BB4AD4441EF9B12F00C330F0 /* Sources */,
				BB4AD4451EF9B12F00C330F0 /* Frameworks */,
				BB4AD4461EF9B12F00C330F0 /* Resources */,
			);
			buildRules = (
			);
			dependencies = (
			);
			name = Jira;
			productName = Jira;
			productReference = BB4AD4481EF9B12F00C330F0 /* Jira.app */;
			productType = "com.apple.product-type.application";
		};
/* End PBXNativeTarget section */

/* Begin PBXProject section */
		BB4AD4401EF9B12F00C330F0 /* Project object */ = {
			isa = PBXProject;
			attributes = {
				LastSwiftUpdateCheck = 0830;
				LastUpgradeCheck = 0830;
				ORGANIZATIONNAME = MovSoft;
				TargetAttributes = {
					BB4AD4471EF9B12F00C330F0 = {
						CreatedOnToolsVersion = 8.3.3;
						DevelopmentTeam = YWS3B7G6QR;
						ProvisioningStyle = Automatic;
					};
				};
			};
			buildConfigurationList = BB4AD4431EF9B12F00C330F0 /* Build configuration list for PBXProject "Jira" */;
			compatibilityVersion = "Xcode 3.2";
			developmentRegion = English;
			hasScannedForEncodings = 0;
			knownRegions = (
				en,
				Base,
			);
			mainGroup = BB4AD43F1EF9B12F00C330F0;
			productRefGroup = BB4AD4491EF9B12F00C330F0 /* Products */;
			projectDirPath = "";
			projectRoot = "";
			targets = (
				BB4AD4471EF9B12F00C330F0 /* Jira */,
			);
		};
/* End PBXProject section */

/* Begin PBXResourcesBuildPhase section */
		BB4AD4461EF9B12F00C330F0 /* Resources */ = {
			isa = PBXResourcesBuildPhase;
			buildActionMask = 2147483647;
			files = (
				BB4AD4501EF9B12F00C330F0 /* Assets.xcassets in Resources */,
				BBCB56441EF9B8440052CC5B /* Main.xib in Resources */,
			);
			runOnlyForDeploymentPostprocessing = 0;
		};
/* End PBXResourcesBuildPhase section */

/* Begin PBXSourcesBuildPhase section */
		BB4AD4441EF9B12F00C330F0 /* Sources */ = {
			isa = PBXSourcesBuildPhase;
			buildActionMask = 2147483647;
			files = (
				BBCB564A1EFC13670052CC5B /* NSColor+Style.swift in Sources */,
				BB4AD44C1EF9B12F00C330F0 /* AppDelegate.swift in Sources */,
			);
			runOnlyForDeploymentPostprocessing = 0;
		};
/* End PBXSourcesBuildPhase section */

/* Begin XCBuildConfiguration section */
		BB4AD4551EF9B12F00C330F0 /* Debug */ = {
			isa = XCBuildConfiguration;
			buildSettings = {
				ALWAYS_SEARCH_USER_PATHS = NO;
				CLANG_ANALYZER_NONNULL = YES;
				CLANG_ANALYZER_NUMBER_OBJECT_CONVERSION = YES_AGGRESSIVE;
				CLANG_CXX_LANGUAGE_STANDARD = "gnu++0x";
				CLANG_CXX_LIBRARY = "libc++";
				CLANG_ENABLE_MODULES = YES;
				CLANG_ENABLE_OBJC_ARC = YES;
				CLANG_WARN_BOOL_CONVERSION = YES;
				CLANG_WARN_CONSTANT_CONVERSION = YES;
				CLANG_WARN_DIRECT_OBJC_ISA_USAGE = YES_ERROR;
				CLANG_WARN_DOCUMENTATION_COMMENTS = YES;
				CLANG_WARN_EMPTY_BODY = YES;
				CLANG_WARN_ENUM_CONVERSION = YES;
				CLANG_WARN_INFINITE_RECURSION = YES;
				CLANG_WARN_INT_CONVERSION = YES;
				CLANG_WARN_OBJC_ROOT_CLASS = YES_ERROR;
				CLANG_WARN_SUSPICIOUS_MOVE = YES;
				CLANG_WARN_UNREACHABLE_CODE = YES;
				CLANG_WARN__DUPLICATE_METHOD_MATCH = YES;
				CODE_SIGN_IDENTITY = "-";
				COPY_PHASE_STRIP = NO;
				DEBUG_INFORMATION_FORMAT = dwarf;
				ENABLE_STRICT_OBJC_MSGSEND = YES;
				ENABLE_TESTABILITY = YES;
				GCC_C_LANGUAGE_STANDARD = gnu99;
				GCC_DYNAMIC_NO_PIC = NO;
				GCC_NO_COMMON_BLOCKS = YES;
				GCC_OPTIMIZATION_LEVEL = 0;
				GCC_PREPROCESSOR_DEFINITIONS = (
					"DEBUG=1",
					"$(inherited)",
				);
				GCC_WARN_64_TO_32_BIT_CONVERSION = YES;
				GCC_WARN_ABOUT_RETURN_TYPE = YES_ERROR;
				GCC_WARN_UNDECLARED_SELECTOR = YES;
				GCC_WARN_UNINITIALIZED_AUTOS = YES_AGGRESSIVE;
				GCC_WARN_UNUSED_FUNCTION = YES;
				GCC_WARN_UNUSED_VARIABLE = YES;
				MACOSX_DEPLOYMENT_TARGET = 10.12;
				MTL_ENABLE_DEBUG_INFO = YES;
				ONLY_ACTIVE_ARCH = YES;
				SDKROOT = macosx;
				SWIFT_ACTIVE_COMPILATION_CONDITIONS = DEBUG;
				SWIFT_OPTIMIZATION_LEVEL = "-Onone";
			};
			name = Debug;
		};
		BB4AD4561EF9B12F00C330F0 /* Release */ = {
			isa = XCBuildConfiguration;
			buildSettings = {
				ALWAYS_SEARCH_USER_PATHS = NO;
				CLANG_ANALYZER_NONNULL = YES;
				CLANG_ANALYZER_NUMBER_OBJECT_CONVERSION = YES_AGGRESSIVE;
				CLANG_CXX_LANGUAGE_STANDARD = "gnu++0x";
				CLANG_CXX_LIBRARY = "libc++";
				CLANG_ENABLE_MODULES = YES;
				CLANG_ENABLE_OBJC_ARC = YES;
				CLANG_WARN_BOOL_CONVERSION = YES;
				CLANG_WARN_CONSTANT_CONVERSION = YES;
				CLANG_WARN_DIRECT_OBJC_ISA_USAGE = YES_ERROR;
				CLANG_WARN_DOCUMENTATION_COMMENTS = YES;
				CLANG_WARN_EMPTY_BODY = YES;
				CLANG_WARN_ENUM_CONVERSION = YES;
				CLANG_WARN_INFINITE_RECURSION = YES;
				CLANG_WARN_INT_CONVERSION = YES;
				CLANG_WARN_OBJC_ROOT_CLASS = YES_ERROR;
				CLANG_WARN_SUSPICIOUS_MOVE = YES;
				CLANG_WARN_UNREACHABLE_CODE = YES;
				CLANG_WARN__DUPLICATE_METHOD_MATCH = YES;
				CODE_SIGN_IDENTITY = "-";
				COPY_PHASE_STRIP = NO;
				DEBUG_INFORMATION_FORMAT = "dwarf-with-dsym";
				ENABLE_NS_ASSERTIONS = NO;
				ENABLE_STRICT_OBJC_MSGSEND = YES;
				GCC_C_LANGUAGE_STANDARD = gnu99;
				GCC_NO_COMMON_BLOCKS = YES;
				GCC_WARN_64_TO_32_BIT_CONVERSION = YES;
				GCC_WARN_ABOUT_RETURN_TYPE = YES_ERROR;
				GCC_WARN_UNDECLARED_SELECTOR = YES;
				GCC_WARN_UNINITIALIZED_AUTOS = YES_AGGRESSIVE;
				GCC_WARN_UNUSED_FUNCTION = YES;
				GCC_WARN_UNUSED_VARIABLE = YES;
				MACOSX_DEPLOYMENT_TARGET = 10.12;
				MTL_ENABLE_DEBUG_INFO = NO;
				SDKROOT = macosx;
				SWIFT_OPTIMIZATION_LEVEL = "-Owholemodule";
			};
			name = Release;
		};
		BB4AD4581EF9B12F00C330F0 /* Debug */ = {
			isa = XCBuildConfiguration;
			buildSettings = {
				ASSETCATALOG_COMPILER_APPICON_NAME = AppIcon;
				COMBINE_HIDPI_IMAGES = YES;
				DEVELOPMENT_TEAM = YWS3B7G6QR;
				INFOPLIST_FILE = Jira/Info.plist;
				LD_RUNPATH_SEARCH_PATHS = "$(inherited) @executable_path/../Frameworks";
				PRODUCT_BUNDLE_IDENTIFIER = com.movsoft.Jira;
				PRODUCT_NAME = "$(TARGET_NAME)";
				SWIFT_VERSION = 3.0;
			};
			name = Debug;
		};
		BB4AD4591EF9B12F00C330F0 /* Release */ = {
			isa = XCBuildConfiguration;
			buildSettings = {
				ASSETCATALOG_COMPILER_APPICON_NAME = AppIcon;
				COMBINE_HIDPI_IMAGES = YES;
				DEVELOPMENT_TEAM = YWS3B7G6QR;
				INFOPLIST_FILE = Jira/Info.plist;
				LD_RUNPATH_SEARCH_PATHS = "$(inherited) @executable_path/../Frameworks";
				PRODUCT_BUNDLE_IDENTIFIER = com.movsoft.Jira;
				PRODUCT_NAME = "$(TARGET_NAME)";
				SWIFT_VERSION = 3.0;
			};
			name = Release;
		};
/* End XCBuildConfiguration section */

/* Begin XCConfigurationList section */
		BB4AD4431EF9B12F00C330F0 /* Build configuration list for PBXProject "Jira" */ = {
			isa = XCConfigurationList;
			buildConfigurations = (
				BB4AD4551EF9B12F00C330F0 /* Debug */,
				BB4AD4561EF9B12F00C330F0 /* Release */,
			);
			defaultConfigurationIsVisible = 0;
			defaultConfigurationName = Release;
		};
		BB4AD4571EF9B12F00C330F0 /* Build configuration list for PBXNativeTarget "Jira" */ = {
			isa = XCConfigurationList;
			buildConfigurations = (
				BB4AD4581EF9B12F00C330F0 /* Debug */,
				BB4AD4591EF9B12F00C330F0 /* Release */,
			);
			defaultConfigurationIsVisible = 0;
			defaultConfigurationName = Release;
		};
/* End XCConfigurationList section */
	};
	rootObject = BB4AD4401EF9B12F00C330F0 /* Project object */;
}
